
Microsoft Visual Studio Solution File, Format Version 12.00
# Visual Studio Version 17
VisualStudioVersion = 17.9.34714.143
MinimumVisualStudioVersion = 10.0.40219.1
Project("{FAE04EC0-301F-11D3-BF4B-00C04F79EFBC}") = "FlightAPI", "FlightAPI\FlightAPI.csproj", "{944814B1-E12A-4F56-BFDA-176FCD409EEE}"
EndProject
Global
	GlobalSection(SolutionConfigurationPlatforms) = preSolution
		Debug|Any CPU = Debug|Any CPU
		Release|Any CPU = Release|Any CPU
	EndGlobalSection
	GlobalSection(ProjectConfigurationPlatforms) = postSolution
		{944814B1-E12A-4F56-BFDA-176FCD409EEE}.Debug|Any CPU.ActiveCfg = Debug|Any CPU
		{944814B1-E12A-4F56-BFDA-176FCD409EEE}.Debug|Any CPU.Build.0 = Debug|Any CPU
		{944814B1-E12A-4F56-BFDA-176FCD409EEE}.Release|Any CPU.ActiveCfg = Release|Any CPU
		{944814B1-E12A-4F56-BFDA-176FCD409EEE}.Release|Any CPU.Build.0 = Release|Any CPU
	EndGlobalSection
	GlobalSection(SolutionProperties) = preSolution
		HideSolutionNode = FALSE
	EndGlobalSection
	GlobalSection(ExtensibilityGlobals) = postSolution
		SolutionGuid = {3E8B620A-3808-4601-B46F-9939DF329938}
	EndGlobalSection
EndGlobal
